
Microsoft Visual Studio Solution File, Format Version 12.00
# Visual Studio Version 17
VisualStudioVersion = 17.12.35527.113
MinimumVisualStudioVersion = 10.0.40219.1
Project("{FAE04EC0-301F-11D3-BF4B-00C04F79EFBC}") = "Next Episode WPF", "Next Episode WPF.csproj", "{0FAB259B-A49B-4727-A4FE-783D7B79A4F7}"
EndProject
Project("{FAE04EC0-301F-11D3-BF4B-00C04F79EFBC}") = "Service", "..\Service\Service.csproj", "{D7A7A070-28CA-4D3E-B3AB-0F394BEEECDA}"
EndProject
Project("{FAE04EC0-301F-11D3-BF4B-00C04F79EFBC}") = "Interfaces", "..\Interfaces\Interfaces.csproj", "{B391E7E2-DCEE-4F89-B41A-2ACB29D6D3F4}"
EndProject
Project("{FAE04EC0-301F-11D3-BF4B-00C04F79EFBC}") = "DAL", "..\DAL\DAL.csproj", "{9857D83E-947C-467C-96B1-FE67C5D33B4A}"
EndProject
Global
	GlobalSection(SolutionConfigurationPlatforms) = preSolution
		Debug|Any CPU = Debug|Any CPU
		Release|Any CPU = Release|Any CPU
	EndGlobalSection
	GlobalSection(ProjectConfigurationPlatforms) = postSolution
		{0FAB259B-A49B-4727-A4FE-783D7B79A4F7}.Debug|Any CPU.ActiveCfg = Debug|Any CPU
		{0FAB259B-A49B-4727-A4FE-783D7B79A4F7}.Debug|Any CPU.Build.0 = Debug|Any CPU
		{0FAB259B-A49B-4727-A4FE-783D7B79A4F7}.Release|Any CPU.ActiveCfg = Release|Any CPU
		{0FAB259B-A49B-4727-A4FE-783D7B79A4F7}.Release|Any CPU.Build.0 = Release|Any CPU
		{D7A7A070-28CA-4D3E-B3AB-0F394BEEECDA}.Debug|Any CPU.ActiveCfg = Debug|Any CPU
		{D7A7A070-28CA-4D3E-B3AB-0F394BEEECDA}.Debug|Any CPU.Build.0 = Debug|Any CPU
		{D7A7A070-28CA-4D3E-B3AB-0F394BEEECDA}.Release|Any CPU.ActiveCfg = Release|Any CPU
		{D7A7A070-28CA-4D3E-B3AB-0F394BEEECDA}.Release|Any CPU.Build.0 = Release|Any CPU
		{B391E7E2-DCEE-4F89-B41A-2ACB29D6D3F4}.Debug|Any CPU.ActiveCfg = Debug|Any CPU
		{B391E7E2-DCEE-4F89-B41A-2ACB29D6D3F4}.Debug|Any CPU.Build.0 = Debug|Any CPU
		{B391E7E2-DCEE-4F89-B41A-2ACB29D6D3F4}.Release|Any CPU.ActiveCfg = Release|Any CPU
		{B391E7E2-DCEE-4F89-B41A-2ACB29D6D3F4}.Release|Any CPU.Build.0 = Release|Any CPU
		{9857D83E-947C-467C-96B1-FE67C5D33B4A}.Debug|Any CPU.ActiveCfg = Debug|Any CPU
		{9857D83E-947C-467C-96B1-FE67C5D33B4A}.Debug|Any CPU.Build.0 = Debug|Any CPU
		{9857D83E-947C-467C-96B1-FE67C5D33B4A}.Release|Any CPU.ActiveCfg = Release|Any CPU
		{9857D83E-947C-467C-96B1-FE67C5D33B4A}.Release|Any CPU.Build.0 = Release|Any CPU
	EndGlobalSection
	GlobalSection(SolutionProperties) = preSolution
		HideSolutionNode = FALSE
	EndGlobalSection
EndGlobal
